Microsoft Visual Studio Solution File, Format Version 12.00
# Visual Studio Version 17
VisualStudioVersion = 17.5.2.0
MinimumVisualStudioVersion = 10.0.40219.1
Project("{FAE04EC0-301F-11D3-BF4B-00C04F79EFBC}") = "back2EV", "back2EV.csproj", "{1A5715EB-CCF7-DA5E-89EB-C36F33195AC4}"
EndProject
Global
	GlobalSection(SolutionConfigurationPlatforms) = preSolution
		Debug|Any CPU = Debug|Any CPU
		Release|Any CPU = Release|Any CPU
	EndGlobalSection
	GlobalSection(ProjectConfigurationPlatforms) = postSolution
		{1A5715EB-CCF7-DA5E-89EB-C36F33195AC4}.Debug|Any CPU.ActiveCfg = Debug|Any CPU
		{1A5715EB-CCF7-DA5E-89EB-C36F33195AC4}.Debug|Any CPU.Build.0 = Debug|Any CPU
		{1A5715EB-CCF7-DA5E-89EB-C36F33195AC4}.Release|Any CPU.ActiveCfg = Release|Any CPU
		{1A5715EB-CCF7-DA5E-89EB-C36F33195AC4}.Release|Any CPU.Build.0 = Release|Any CPU
	EndGlobalSection
	GlobalSection(SolutionProperties) = preSolution
		HideSolutionNode = FALSE
	EndGlobalSection
	GlobalSection(ExtensibilityGlobals) = postSolution
		SolutionGuid = {733F5CDD-9C9F-47C5-A51F-D541FB3D1958}
	EndGlobalSection
EndGlobal
